
Microsoft Visual Studio Solution File, Format Version 12.00
# Visual Studio 15
VisualStudioVersion = 15.0.28307.2092
MinimumVisualStudioVersion = 10.0.40219.1
Project("{F184B08F-C81C-45F6-A57F-5ABD9991F28F}") = "SAGE_SQL_CONNECTION", "SAGE_SQL_CONNECTION\SAGE_SQL_CONNECTION.vbproj", "{7D3F6FAF-C881-4FA0-AABE-8637B016FCE3}"
EndProject
Global
	GlobalSection(SolutionConfigurationPlatforms) = preSolution
		Debug|Any CPU = Debug|Any CPU
		Release|Any CPU = Release|Any CPU
	EndGlobalSection
	GlobalSection(ProjectConfigurationPlatforms) = postSolution
		{7D3F6FAF-C881-4FA0-AABE-8637B016FCE3}.Debug|Any CPU.ActiveCfg = Debug|Any CPU
		{7D3F6FAF-C881-4FA0-AABE-8637B016FCE3}.Debug|Any CPU.Build.0 = Debug|Any CPU
		{7D3F6FAF-C881-4FA0-AABE-8637B016FCE3}.Release|Any CPU.ActiveCfg = Release|Any CPU
		{7D3F6FAF-C881-4FA0-AABE-8637B016FCE3}.Release|Any CPU.Build.0 = Release|Any CPU
	EndGlobalSection
	GlobalSection(SolutionProperties) = preSolution
		HideSolutionNode = FALSE
	EndGlobalSection
	GlobalSection(ExtensibilityGlobals) = postSolution
		SolutionGuid = {C0AC226E-FD82-48B3-953E-C05FF2CF68F1}
	EndGlobalSection
EndGlobal
